
Microsoft Visual Studio Solution File, Format Version 12.00
# Visual Studio Version 17
VisualStudioVersion = 17.4.33403.182
MinimumVisualStudioVersion = 10.0.40219.1
Project("{FAE04EC0-301F-11D3-BF4B-00C04F79EFBC}") = "Cui", "Cui\Cui.csproj", "{DF78C206-48EF-403D-8436-6DD5A4EEB955}"
EndProject
Project("{FAE04EC0-301F-11D3-BF4B-00C04F79EFBC}") = "Core", "Core\Core.csproj", "{8A75EBE2-55D0-44D1-892C-5E6624636DD5}"
EndProject
Project("{FAE04EC0-301F-11D3-BF4B-00C04F79EFBC}") = "DataAccessFile", "DataAccessFile\DataAccessFile.csproj", "{AB6A392A-6312-43CE-80AB-E1A852E01789}"
EndProject
Project("{FAE04EC0-301F-11D3-BF4B-00C04F79EFBC}") = "Api", "Api\Api.csproj", "{CAB59D75-0B1A-433C-890E-F64A48FBAD6A}"
EndProject
Global
	GlobalSection(SolutionConfigurationPlatforms) = preSolution
		Debug|Any CPU = Debug|Any CPU
		Release|Any CPU = Release|Any CPU
	EndGlobalSection
	GlobalSection(ProjectConfigurationPlatforms) = postSolution
		{DF78C206-48EF-403D-8436-6DD5A4EEB955}.Debug|Any CPU.ActiveCfg = Debug|Any CPU
		{DF78C206-48EF-403D-8436-6DD5A4EEB955}.Debug|Any CPU.Build.0 = Debug|Any CPU
		{DF78C206-48EF-403D-8436-6DD5A4EEB955}.Release|Any CPU.ActiveCfg = Release|Any CPU
		{DF78C206-48EF-403D-8436-6DD5A4EEB955}.Release|Any CPU.Build.0 = Release|Any CPU
		{8A75EBE2-55D0-44D1-892C-5E6624636DD5}.Debug|Any CPU.ActiveCfg = Debug|Any CPU
		{8A75EBE2-55D0-44D1-892C-5E6624636DD5}.Debug|Any CPU.Build.0 = Debug|Any CPU
		{8A75EBE2-55D0-44D1-892C-5E6624636DD5}.Release|Any CPU.ActiveCfg = Release|Any CPU
		{8A75EBE2-55D0-44D1-892C-5E6624636DD5}.Release|Any CPU.Build.0 = Release|Any CPU
		{AB6A392A-6312-43CE-80AB-E1A852E01789}.Debug|Any CPU.ActiveCfg = Debug|Any CPU
		{AB6A392A-6312-43CE-80AB-E1A852E01789}.Debug|Any CPU.Build.0 = Debug|Any CPU
		{AB6A392A-6312-43CE-80AB-E1A852E01789}.Release|Any CPU.ActiveCfg = Release|Any CPU
		{AB6A392A-6312-43CE-80AB-E1A852E01789}.Release|Any CPU.Build.0 = Release|Any CPU
		{CAB59D75-0B1A-433C-890E-F64A48FBAD6A}.Debug|Any CPU.ActiveCfg = Debug|Any CPU
		{CAB59D75-0B1A-433C-890E-F64A48FBAD6A}.Debug|Any CPU.Build.0 = Debug|Any CPU
		{CAB59D75-0B1A-433C-890E-F64A48FBAD6A}.Release|Any CPU.ActiveCfg = Release|Any CPU
		{CAB59D75-0B1A-433C-890E-F64A48FBAD6A}.Release|Any CPU.Build.0 = Release|Any CPU
	EndGlobalSection
	GlobalSection(SolutionProperties) = preSolution
		HideSolutionNode = FALSE
	EndGlobalSection
	GlobalSection(ExtensibilityGlobals) = postSolution
		SolutionGuid = {A99BBBD6-12C5-4275-879C-788B1A561929}
	EndGlobalSection
EndGlobal
